
Microsoft Visual Studio Solution File, Format Version 12.00
# Visual Studio Version 17
VisualStudioVersion = 17.1.32228.430
MinimumVisualStudioVersion = 10.0.40219.1
Project("{FAE04EC0-301F-11D3-BF4B-00C04F79EFBC}") = "MileageCalculator", "MileageCalculator\MileageCalculator.csproj", "{60135E84-FA31-4D0E-ACDC-7962EA800274}"
EndProject
Global
	GlobalSection(SolutionConfigurationPlatforms) = preSolution
		Debug|Any CPU = Debug|Any CPU
		Release|Any CPU = Release|Any CPU
	EndGlobalSection
	GlobalSection(ProjectConfigurationPlatforms) = postSolution
		{60135E84-FA31-4D0E-ACDC-7962EA800274}.Debug|Any CPU.ActiveCfg = Debug|Any CPU
		{60135E84-FA31-4D0E-ACDC-7962EA800274}.Debug|Any CPU.Build.0 = Debug|Any CPU
		{60135E84-FA31-4D0E-ACDC-7962EA800274}.Release|Any CPU.ActiveCfg = Release|Any CPU
		{60135E84-FA31-4D0E-ACDC-7962EA800274}.Release|Any CPU.Build.0 = Release|Any CPU
	EndGlobalSection
	GlobalSection(SolutionProperties) = preSolution
		HideSolutionNode = FALSE
	EndGlobalSection
	GlobalSection(ExtensibilityGlobals) = postSolution
		SolutionGuid = {1C2E3311-0130-4473-96C6-1A8E541CC3B0}
	EndGlobalSection
EndGlobal
